// !$*UTF8*$!
{
	archiveVersion = 1;
	classes = {
	};
	objectVersion = 50;
	objects = {

/* Begin PBXBuildFile section */
		5FDFD5E221903F7C00CE095D /* AppDelegate.m in Sources */ = {isa = PBXBuildFile; fileRef = 5FDFD5E121903F7C00CE095D /* AppDelegate.m */; };
		5FDFD5E521903F7C00CE095D /* ViewController.m in Sources */ = {isa = PBXBuildFile; fileRef = 5FDFD5E421903F7C00CE095D /* ViewController.m */; };
		5FDFD5E821903F7C00CE095D /* Main.storyboard in Resources */ = {isa = PBXBuildFile; fileRef = 5FDFD5E621903F7C00CE095D /* Main.storyboard */; };
		5FDFD5EA21903F7D00CE095D /* Assets.xcassets in Resources */ = {isa = PBXBuildFile; fileRef = 5FDFD5E921903F7D00CE095D /* Assets.xcassets */; };
		5FDFD5ED21903F7D00CE095D /* LaunchScreen.storyboard in Resources */ = {isa = PBXBuildFile; fileRef = 5FDFD5EB21903F7D00CE095D /* LaunchScreen.storyboard */; };
		5FDFD5F021903F7D00CE095D /* main.m in Sources */ = {isa = PBXBuildFile; fileRef = 5FDFD5EF21903F7D00CE095D /* main.m */; };
		5FDFD5FD2190489900CE095D /* OverallSituation.m in Sources */ = {isa = PBXBuildFile; fileRef = 5FDFD5FC2190489900CE095D /* OverallSituation.m */; };
/* End PBXBuildFile section */

/* Begin PBXFileReference section */
		5FDFD5DD21903F7C00CE095D /* ImageProcessing.app */ = {isa = PBXFileReference; explicitFileType = wrapper.application; includeInIndex = 0; path = ImageProcessing.app; sourceTree = BUILT_PRODUCTS_DIR; };
		5FDFD5E021903F7C00CE095D /* AppDelegate.h */ = {isa = PBXFileReference; lastKnownFileType = sourcecode.c.h; path = AppDelegate.h; sourceTree = "<group>"; };
		5FDFD5E121903F7C00CE095D /* AppDelegate.m */ = {isa = PBXFileReference; lastKnownFileType = sourcecode.c.objc; path = AppDelegate.m; sourceTree = "<group>"; };
		5FDFD5E321903F7C00CE095D /* ViewController.h */ = {isa = PBXFileReference; lastKnownFileType = sourcecode.c.h; path = ViewController.h; sourceTree = "<group>"; };
		5FDFD5E421903F7C00CE095D /* ViewController.m */ = {isa = PBXFileReference; lastKnownFileType = sourcecode.c.objc; path = ViewController.m; sourceTree = "<group>"; };
		5FDFD5E721903F7C00CE095D /* Base */ = {isa = PBXFileReference; lastKnownFileType = file.storyboard; name = Base; path = Base.lproj/Main.storyboard; sourceTree = "<group>"; };
		5FDFD5E921903F7D00CE095D /* Assets.xcassets */ = {isa = PBXFileReference; lastKnownFileType = folder.assetcatalog; path = Assets.xcassets; sourceTree = "<group>"; };
		5FDFD5EC21903F7D00CE095D /* Base */ = {isa = PBXFileReference; lastKnownFileType = file.storyboard; name = Base; path = Base.lproj/LaunchScreen.storyboard; sourceTree = "<group>"; };
		5FDFD5EE21903F7D00CE095D /* Info.plist */ = {isa = PBXFileReference; lastKnownFileType = text.plist.xml; path = Info.plist; sourceTree = "<group>"; };
		5FDFD5EF21903F7D00CE095D /* main.m */ = {isa = PBXFileReference; lastKnownFileType = sourcecode.c.objc; path = main.m; sourceTree = "<group>"; };
		5FDFD5FB2190489900CE095D /* OverallSituation.h */ = {isa = PBXFileReference; fileEncoding = 4; lastKnownFileType = sourcecode.c.h; path = OverallSituation.h; sourceTree = "<group>"; };
		5FDFD5FC2190489900CE095D /* OverallSituation.m */ = {isa = PBXFileReference; fileEncoding = 4; lastKnownFileType = sourcecode.c.objc; path = OverallSituation.m; sourceTree = "<group>"; };
/* End PBXFileReference section */

/* Begin PBXFrameworksBuildPhase section */
		5FDFD5DA21903F7C00CE095D /* Frameworks */ = {
			isa = PBXFrameworksBuildPhase;
			buildActionMask = 2147483647;
			files = (
			);
			runOnlyForDeploymentPostprocessing = 0;
		};
/* End PBXFrameworksBuildPhase section */

/* Begin PBXGroup section */
		5FDFD5D421903F7C00CE095D = {
			isa = PBXGroup;
			children = (
				5FDFD5DF21903F7C00CE095D /* ImageProcessing */,
				5FDFD5DE21903F7C00CE095D /* Products */,
			);
			sourceTree = "<group>";
		};
		5FDFD5DE21903F7C00CE095D /* Products */ = {
			isa = PBXGroup;
			children = (
				5FDFD5DD21903F7C00CE095D /* ImageProcessing.app */,
			);
			name = Products;
			sourceTree = "<group>";
		};
		5FDFD5DF21903F7C00CE095D /* ImageProcessing */ = {
			isa = PBXGroup;
			children = (
				5FDFD5F62190452700CE095D /* Tools */,
				5FDFD5E021903F7C00CE095D /* AppDelegate.h */,
				5FDFD5E121903F7C00CE095D /* AppDelegate.m */,
				5FDFD5E321903F7C00CE095D /* ViewController.h */,
				5FDFD5E421903F7C00CE095D /* ViewController.m */,
				5FDFD5E621903F7C00CE095D /* Main.storyboard */,
				5FDFD5E921903F7D00CE095D /* Assets.xcassets */,
				5FDFD5EB21903F7D00CE095D /* LaunchScreen.storyboard */,
				5FDFD5EE21903F7D00CE095D /* Info.plist */,
				5FDFD5EF21903F7D00CE095D /* main.m */,
			);
			path = ImageProcessing;
			sourceTree = "<group>";
		};
		5FDFD5F62190452700CE095D /* Tools */ = {
			isa = PBXGroup;
			children = (
				5FDFD5FA2190482A00CE095D /* SystemConfig */,
			);
			path = Tools;
			sourceTree = "<group>";
		};
		5FDFD5FA2190482A00CE095D /* SystemConfig */ = {
			isa = PBXGroup;
			children = (
				5FDFD5FB2190489900CE095D /* OverallSituation.h */,
				5FDFD5FC2190489900CE095D /* OverallSituation.m */,
			);
			path = SystemConfig;
			sourceTree = "<group>";
		};
/* End PBXGroup section */

/* Begin PBXNativeTarget section */
		5FDFD5DC21903F7C00CE095D /* ImageProcessing */ = {
			isa = PBXNativeTarget;
			buildConfigurationList = 5FDFD5F321903F7D00CE095D /* Build configuration list for PBXNativeTarget "ImageProcessing" */;
			buildPhases = (
				5FDFD5D921903F7C00CE095D /* Sources */,
				5FDFD5DA21903F7C00CE095D /* Frameworks */,
				5FDFD5DB21903F7C00CE095D /* Resources */,
			);
			buildRules = (
			);
			dependencies = (
			);
			name = ImageProcessing;
			productName = ImageProcessing;
			productReference = 5FDFD5DD21903F7C00CE095D /* ImageProcessing.app */;
			productType = "com.apple.product-type.application";
		};
/* End PBXNativeTarget section */

/* Begin PBXProject section */
		5FDFD5D521903F7C00CE095D /* Project object */ = {
			isa = PBXProject;
			attributes = {
				LastUpgradeCheck = 1000;
				ORGANIZATIONNAME = "Zhang xiaosong";
				TargetAttributes = {
					5FDFD5DC21903F7C00CE095D = {
						CreatedOnToolsVersion = 10.0;
					};
				};
			};
			buildConfigurationList = 5FDFD5D821903F7C00CE095D /* Build configuration list for PBXProject "ImageProcessing" */;
			compatibilityVersion = "Xcode 9.3";
			developmentRegion = en;
			hasScannedForEncodings = 0;
			knownRegions = (
				en,
				Base,
			);
			mainGroup = 5FDFD5D421903F7C00CE095D;
			productRefGroup = 5FDFD5DE21903F7C00CE095D /* Products */;
			projectDirPath = "";
			projectRoot = "";
			targets = (
				5FDFD5DC21903F7C00CE095D /* ImageProcessing */,
			);
		};
/* End PBXProject section */

/* Begin PBXResourcesBuildPhase section */
		5FDFD5DB21903F7C00CE095D /* Resources */ = {
			isa = PBXResourcesBuildPhase;
			buildActionMask = 2147483647;
			files = (
				5FDFD5ED21903F7D00CE095D /* LaunchScreen.storyboard in Resources */,
				5FDFD5EA21903F7D00CE095D /* Assets.xcassets in Resources */,
				5FDFD5E821903F7C00CE095D /* Main.storyboard in Resources */,
			);
			runOnlyForDeploymentPostprocessing = 0;
		};
/* End PBXResourcesBuildPhase section */

/* Begin PBXSourcesBuildPhase section */
		5FDFD5D921903F7C00CE095D /* Sources */ = {
			isa = PBXSourcesBuildPhase;
			buildActionMask = 2147483647;
			files = (
				5FDFD5E521903F7C00CE095D /* ViewController.m in Sources */,
				5FDFD5F021903F7D00CE095D /* main.m in Sources */,
				5FDFD5FD2190489900CE095D /* OverallSituation.m in Sources */,
				5FDFD5E221903F7C00CE095D /* AppDelegate.m in Sources */,
			);
			runOnlyForDeploymentPostprocessing = 0;
		};
/* End PBXSourcesBuildPhase section */

/* Begin PBXVariantGroup section */
		5FDFD5E621903F7C00CE095D /* Main.storyboard */ = {
			isa = PBXVariantGroup;
			children = (
				5FDFD5E721903F7C00CE095D /* Base */,
			);
			name = Main.storyboard;
			sourceTree = "<group>";
		};
		5FDFD5EB21903F7D00CE095D /* LaunchScreen.storyboard */ = {
			isa = PBXVariantGroup;
			children = (
				5FDFD5EC21903F7D00CE095D /* Base */,
			);
			name = LaunchScreen.storyboard;
			sourceTree = "<group>";
		};
/* End PBXVariantGroup section */

/* Begin XCBuildConfiguration section */
		5FDFD5F121903F7D00CE095D /* Debug */ = {
			isa = XCBuildConfiguration;
			buildSettings = {
				ALWAYS_SEARCH_USER_PATHS = NO;
				CLANG_ANALYZER_NONNULL = YES;
				CLANG_ANALYZER_NUMBER_OBJECT_CONVERSION = YES_AGGRESSIVE;
				CLANG_CXX_LANGUAGE_STANDARD = "gnu++14";
				CLANG_CXX_LIBRARY = "libc++";
				CLANG_ENABLE_MODULES = YES;
				CLANG_ENABLE_OBJC_ARC = YES;
				CLANG_ENABLE_OBJC_WEAK = YES;
				CLANG_WARN_BLOCK_CAPTURE_AUTORELEASING = YES;
				CLANG_WARN_BOOL_CONVERSION = YES;
				CLANG_WARN_COMMA = YES;
				CLANG_WARN_CONSTANT_CONVERSION = YES;
				CLANG_WARN_DEPRECATED_OBJC_IMPLEMENTATIONS = YES;
				CLANG_WARN_DIRECT_OBJC_ISA_USAGE = YES_ERROR;
				CLANG_WARN_DOCUMENTATION_COMMENTS = YES;
				CLANG_WARN_EMPTY_BODY = YES;
				CLANG_WARN_ENUM_CONVERSION = YES;
				CLANG_WARN_INFINITE_RECURSION = YES;
				CLANG_WARN_INT_CONVERSION = YES;
				CLANG_WARN_NON_LITERAL_NULL_CONVERSION = YES;
				CLANG_WARN_OBJC_IMPLICIT_RETAIN_SELF = YES;
				CLANG_WARN_OBJC_LITERAL_CONVERSION = YES;
				CLANG_WARN_OBJC_ROOT_CLASS = YES_ERROR;
				CLANG_WARN_RANGE_LOOP_ANALYSIS = YES;
				CLANG_WARN_STRICT_PROTOTYPES = YES;
				CLANG_WARN_SUSPICIOUS_MOVE = YES;
				CLANG_WARN_UNGUARDED_AVAILABILITY = YES_AGGRESSIVE;
				CLANG_WARN_UNREACHABLE_CODE = YES;
				CLANG_WARN__DUPLICATE_METHOD_MATCH = YES;
				CODE_SIGN_IDENTITY = "iPhone Developer";
				COPY_PHASE_STRIP = NO;
				DEBUG_INFORMATION_FORMAT = dwarf;
				ENABLE_STRICT_OBJC_MSGSEND = YES;
				ENABLE_TESTABILITY = YES;
				GCC_C_LANGUAGE_STANDARD = gnu11;
				GCC_DYNAMIC_NO_PIC = NO;
				GCC_NO_COMMON_BLOCKS = YES;
				GCC_OPTIMIZATION_LEVEL = 0;
				GCC_PREPROCESSOR_DEFINITIONS = (
					"DEBUG=1",
					"$(inherited)",
				);
				GCC_WARN_64_TO_32_BIT_CONVERSION = YES;
				GCC_WARN_ABOUT_RETURN_TYPE = YES_ERROR;
				GCC_WARN_UNDECLARED_SELECTOR = YES;
				GCC_WARN_UNINITIALIZED_AUTOS = YES_AGGRESSIVE;
				GCC_WARN_UNUSED_FUNCTION = YES;
				GCC_WARN_UNUSED_VARIABLE = YES;
				IPHONEOS_DEPLOYMENT_TARGET = 12.0;
				MTL_ENABLE_DEBUG_INFO = INCLUDE_SOURCE;
				MTL_FAST_MATH = YES;
				ONLY_ACTIVE_ARCH = YES;
				SDKROOT = iphoneos;
			};
			name = Debug;
		};
		5FDFD5F221903F7D00CE095D /* Release */ = {
			isa = XCBuildConfiguration;
			buildSettings = {
				ALWAYS_SEARCH_USER_PATHS = NO;
				CLANG_ANALYZER_NONNULL = YES;
				CLANG_ANALYZER_NUMBER_OBJECT_CONVERSION = YES_AGGRESSIVE;
				CLANG_CXX_LANGUAGE_STANDARD = "gnu++14";
				CLANG_CXX_LIBRARY = "libc++";
				CLANG_ENABLE_MODULES = YES;
				CLANG_ENABLE_OBJC_ARC = YES;
				CLANG_ENABLE_OBJC_WEAK = YES;
				CLANG_WARN_BLOCK_CAPTURE_AUTORELEASING = YES;
				CLANG_WARN_BOOL_CONVERSION = YES;
				CLANG_WARN_COMMA = YES;
				CLANG_WARN_CONSTANT_CONVERSION = YES;
				CLANG_WARN_DEPRECATED_OBJC_IMPLEMENTATIONS = YES;
				CLANG_WARN_DIRECT_OBJC_ISA_USAGE = YES_ERROR;
				CLANG_WARN_DOCUMENTATION_COMMENTS = YES;
				CLANG_WARN_EMPTY_BODY = YES;
				CLANG_WARN_ENUM_CONVERSION = YES;
				CLANG_WARN_INFINITE_RECURSION = YES;
				CLANG_WARN_INT_CONVERSION = YES;
				CLANG_WARN_NON_LITERAL_NULL_CONVERSION = YES;
				CLANG_WARN_OBJC_IMPLICIT_RETAIN_SELF = YES;
				CLANG_WARN_OBJC_LITERAL_CONVERSION = YES;
				CLANG_WARN_OBJC_ROOT_CLASS = YES_ERROR;
				CLANG_WARN_RANGE_LOOP_ANALYSIS = YES;
				CLANG_WARN_STRICT_PROTOTYPES = YES;
				CLANG_WARN_SUSPICIOUS_MOVE = YES;
				CLANG_WARN_UNGUARDED_AVAILABILITY = YES_AGGRESSIVE;
				CLANG_WARN_UNREACHABLE_CODE = YES;
				CLANG_WARN__DUPLICATE_METHOD_MATCH = YES;
				CODE_SIGN_IDENTITY = "iPhone Developer";
				COPY_PHASE_STRIP = NO;
				DEBUG_INFORMATION_FORMAT = "dwarf-with-dsym";
				ENABLE_NS_ASSERTIONS = NO;
				ENABLE_STRICT_OBJC_MSGSEND = YES;
				GCC_C_LANGUAGE_STANDARD = gnu11;
				GCC_NO_COMMON_BLOCKS = YES;
				GCC_WARN_64_TO_32_BIT_CONVERSION = YES;
				GCC_WARN_ABOUT_RETURN_TYPE = YES_ERROR;
				GCC_WARN_UNDECLARED_SELECTOR = YES;
				GCC_WARN_UNINITIALIZED_AUTOS = YES_AGGRESSIVE;
				GCC_WARN_UNUSED_FUNCTION = YES;
				GCC_WARN_UNUSED_VARIABLE = YES;
				IPHONEOS_DEPLOYMENT_TARGET = 12.0;
				MTL_ENABLE_DEBUG_INFO = NO;
				MTL_FAST_MATH = YES;
				SDKROOT = iphoneos;
				VALIDATE_PRODUCT = YES;
			};
			name = Release;
		};
		5FDFD5F421903F7D00CE095D /* Debug */ = {
			isa = XCBuildConfiguration;
			buildSettings = {
				ASSETCATALOG_COMPILER_APPICON_NAME = AppIcon;
				CODE_SIGN_STYLE = Automatic;
				DEVELOPMENT_TEAM = JYRL84HER3;
				INFOPLIST_FILE = ImageProcessing/Info.plist;
				IPHONEOS_DEPLOYMENT_TARGET = 10.0;
				LD_RUNPATH_SEARCH_PATHS = (
					"$(inherited)",
					"@executable_path/Frameworks",
				);
				PRODUCT_BUNDLE_IDENTIFIER = AR.gc.nav.ImageProcessing;
				PRODUCT_NAME = "$(TARGET_NAME)";
				TARGETED_DEVICE_FAMILY = 1;
			};
			name = Debug;
		};
		5FDFD5F521903F7D00CE095D /* Release */ = {
			isa = XCBuildConfiguration;
			buildSettings = {
				ASSETCATALOG_COMPILER_APPICON_NAME = AppIcon;
				CODE_SIGN_STYLE = Automatic;
				DEVELOPMENT_TEAM = JYRL84HER3;
				INFOPLIST_FILE = ImageProcessing/Info.plist;
				IPHONEOS_DEPLOYMENT_TARGET = 10.0;
				LD_RUNPATH_SEARCH_PATHS = (
					"$(inherited)",
					"@executable_path/Frameworks",
				);
				PRODUCT_BUNDLE_IDENTIFIER = AR.gc.nav.ImageProcessing;
				PRODUCT_NAME = "$(TARGET_NAME)";
				TARGETED_DEVICE_FAMILY = 1;
			};
			name = Release;
		};
/* End XCBuildConfiguration section */

/* Begin XCConfigurationList section */
		5FDFD5D821903F7C00CE095D /* Build configuration list for PBXProject "ImageProcessing" */ = {
			isa = XCConfigurationList;
			buildConfigurations = (
				5FDFD5F121903F7D00CE095D /* Debug */,
				5FDFD5F221903F7D00CE095D /* Release */,
			);
			defaultConfigurationIsVisible = 0;
			defaultConfigurationName = Release;
		};
		5FDFD5F321903F7D00CE095D /* Build configuration list for PBXNativeTarget "ImageProcessing" */ = {
			isa = XCConfigurationList;
			buildConfigurations = (
				5FDFD5F421903F7D00CE095D /* Debug */,
				5FDFD5F521903F7D00CE095D /* Release */,
			);
			defaultConfigurationIsVisible = 0;
			defaultConfigurationName = Release;
		};
/* End XCConfigurationList section */
	};
	rootObject = 5FDFD5D521903F7C00CE095D /* Project object */;
}
